
Microsoft Visual Studio Solution File, Format Version 12.00
# Visual Studio 15
VisualStudioVersion = 15.0.26730.16
MinimumVisualStudioVersion = 10.0.40219.1
Project("{9A19103F-16F7-4668-BE54-9A1E7A4F7556}") = "NameTransliterator.Console", "NameTransliterator.Console\NameTransliterator.Console.csproj", "{8F076874-0EDC-46C7-B2DD-BC42746D8BF4}"
EndProject
Project("{9A19103F-16F7-4668-BE54-9A1E7A4F7556}") = "NameTransliterator.Services", "NameTransliterator.Services\NameTransliterator.Services.csproj", "{A6D2D18B-C8F5-4782-8AEF-D532B175924A}"
EndProject
Project("{9A19103F-16F7-4668-BE54-9A1E7A4F7556}") = "NameTransliterator.Models", "NameTransliterator.Models\NameTransliterator.Models.csproj", "{5FA7740F-0910-44D1-ADC5-7BEA8BB9B01F}"
EndProject
Project("{9A19103F-16F7-4668-BE54-9A1E7A4F7556}") = "NameTransliterator.Data", "NameTransliterator.Data\NameTransliterator.Data.csproj", "{FEED4B64-16F7-4800-AE2D-5CAA8648A495}"
EndProject
Project("{FAE04EC0-301F-11D3-BF4B-00C04F79EFBC}") = "NameTransliterator.DI", "NameTransliterator.DI\NameTransliterator.DI.csproj", "{6E849BAB-E549-4DC4-9BC3-013C2D384080}"
EndProject
Global
	GlobalSection(SolutionConfigurationPlatforms) = preSolution
		Debug|Any CPU = Debug|Any CPU
		Release|Any CPU = Release|Any CPU
	EndGlobalSection
	GlobalSection(ProjectConfigurationPlatforms) = postSolution
		{8F076874-0EDC-46C7-B2DD-BC42746D8BF4}.Debug|Any CPU.ActiveCfg = Debug|Any CPU
		{8F076874-0EDC-46C7-B2DD-BC42746D8BF4}.Debug|Any CPU.Build.0 = Debug|Any CPU
		{8F076874-0EDC-46C7-B2DD-BC42746D8BF4}.Release|Any CPU.ActiveCfg = Release|Any CPU
		{8F076874-0EDC-46C7-B2DD-BC42746D8BF4}.Release|Any CPU.Build.0 = Release|Any CPU
		{A6D2D18B-C8F5-4782-8AEF-D532B175924A}.Debug|Any CPU.ActiveCfg = Debug|Any CPU
		{A6D2D18B-C8F5-4782-8AEF-D532B175924A}.Debug|Any CPU.Build.0 = Debug|Any CPU
		{A6D2D18B-C8F5-4782-8AEF-D532B175924A}.Release|Any CPU.ActiveCfg = Release|Any CPU
		{A6D2D18B-C8F5-4782-8AEF-D532B175924A}.Release|Any CPU.Build.0 = Release|Any CPU
		{5FA7740F-0910-44D1-ADC5-7BEA8BB9B01F}.Debug|Any CPU.ActiveCfg = Debug|Any CPU
		{5FA7740F-0910-44D1-ADC5-7BEA8BB9B01F}.Debug|Any CPU.Build.0 = Debug|Any CPU
		{5FA7740F-0910-44D1-ADC5-7BEA8BB9B01F}.Release|Any CPU.ActiveCfg = Release|Any CPU
		{5FA7740F-0910-44D1-ADC5-7BEA8BB9B01F}.Release|Any CPU.Build.0 = Release|Any CPU
		{FEED4B64-16F7-4800-AE2D-5CAA8648A495}.Debug|Any CPU.ActiveCfg = Debug|Any CPU
		{FEED4B64-16F7-4800-AE2D-5CAA8648A495}.Debug|Any CPU.Build.0 = Debug|Any CPU
		{FEED4B64-16F7-4800-AE2D-5CAA8648A495}.Release|Any CPU.ActiveCfg = Release|Any CPU
		{FEED4B64-16F7-4800-AE2D-5CAA8648A495}.Release|Any CPU.Build.0 = Release|Any CPU
		{6E849BAB-E549-4DC4-9BC3-013C2D384080}.Debug|Any CPU.ActiveCfg = Debug|Any CPU
		{6E849BAB-E549-4DC4-9BC3-013C2D384080}.Debug|Any CPU.Build.0 = Debug|Any CPU
		{6E849BAB-E549-4DC4-9BC3-013C2D384080}.Release|Any CPU.ActiveCfg = Release|Any CPU
		{6E849BAB-E549-4DC4-9BC3-013C2D384080}.Release|Any CPU.Build.0 = Release|Any CPU
	EndGlobalSection
	GlobalSection(SolutionProperties) = preSolution
		HideSolutionNode = FALSE
	EndGlobalSection
	GlobalSection(ExtensibilityGlobals) = postSolution
		SolutionGuid = {FD1562F6-EB92-42C9-9618-CE9CC90C9D37}
	EndGlobalSection
EndGlobal
